Microsoft Visual Studio Solution File, Format Version 12.00
# Visual Studio Version 17
VisualStudioVersion = 17.5.2.0
MinimumVisualStudioVersion = 10.0.40219.1
Project("{FAE04EC0-301F-11D3-BF4B-00C04F79EFBC}") = "c#Backend", "c#Backend.csproj", "{EC6F6C6F-3472-8A6C-7B27-9D42D95AB0C7}"
EndProject
Global
	GlobalSection(SolutionConfigurationPlatforms) = preSolution
		Debug|Any CPU = Debug|Any CPU
		Release|Any CPU = Release|Any CPU
	EndGlobalSection
	GlobalSection(ProjectConfigurationPlatforms) = postSolution
		{EC6F6C6F-3472-8A6C-7B27-9D42D95AB0C7}.Debug|Any CPU.ActiveCfg = Debug|Any CPU
		{EC6F6C6F-3472-8A6C-7B27-9D42D95AB0C7}.Debug|Any CPU.Build.0 = Debug|Any CPU
		{EC6F6C6F-3472-8A6C-7B27-9D42D95AB0C7}.Release|Any CPU.ActiveCfg = Release|Any CPU
		{EC6F6C6F-3472-8A6C-7B27-9D42D95AB0C7}.Release|Any CPU.Build.0 = Release|Any CPU
	EndGlobalSection
	GlobalSection(SolutionProperties) = preSolution
		HideSolutionNode = FALSE
	EndGlobalSection
	GlobalSection(ExtensibilityGlobals) = postSolution
		SolutionGuid = {346D9B59-0FBE-47D1-9143-B18CF6B68159}
	EndGlobalSection
EndGlobal
